
Microsoft Visual Studio Solution File, Format Version 12.00
# Visual Studio 15
Project("{FAE04EC0-301F-11D3-BF4B-00C04F79EFBC}") = "Assembly-CSharp", "Assembly-CSharp.csproj", "{71769789-C05E-A4B2-1AE9-725ABDB126BF}"
EndProject
Project("{FAE04EC0-301F-11D3-BF4B-00C04F79EFBC}") = "Assembly-CSharp-firstpass", "Assembly-CSharp-firstpass.csproj", "{1A97EBEA-FE9E-1DEE-40B4-49D0787AFDC7}"
EndProject
Project("{FAE04EC0-301F-11D3-BF4B-00C04F79EFBC}") = "Assembly-CSharp-Editor-firstpass", "Assembly-CSharp-Editor-firstpass.csproj", "{5BF75FFD-04C4-2E96-B28C-12E15060E819}"
EndProject
Global
	GlobalSection(SolutionConfigurationPlatforms) = preSolution
		Debug|Any CPU = Debug|Any CPU
		Release|Any CPU = Release|Any CPU
	EndGlobalSection
	GlobalSection(ProjectConfigurationPlatforms) = postSolution
		{71769789-C05E-A4B2-1AE9-725ABDB126BF}.Debug|Any CPU.ActiveCfg = Debug|Any CPU
		{71769789-C05E-A4B2-1AE9-725ABDB126BF}.Debug|Any CPU.Build.0 = Debug|Any CPU
		{71769789-C05E-A4B2-1AE9-725ABDB126BF}.Release|Any CPU.ActiveCfg = Release|Any CPU
		{71769789-C05E-A4B2-1AE9-725ABDB126BF}.Release|Any CPU.Build.0 = Release|Any CPU
		{1A97EBEA-FE9E-1DEE-40B4-49D0787AFDC7}.Debug|Any CPU.ActiveCfg = Debug|Any CPU
		{1A97EBEA-FE9E-1DEE-40B4-49D0787AFDC7}.Debug|Any CPU.Build.0 = Debug|Any CPU
		{1A97EBEA-FE9E-1DEE-40B4-49D0787AFDC7}.Release|Any CPU.ActiveCfg = Release|Any CPU
		{1A97EBEA-FE9E-1DEE-40B4-49D0787AFDC7}.Release|Any CPU.Build.0 = Release|Any CPU
		{5BF75FFD-04C4-2E96-B28C-12E15060E819}.Debug|Any CPU.ActiveCfg = Debug|Any CPU
		{5BF75FFD-04C4-2E96-B28C-12E15060E819}.Debug|Any CPU.Build.0 = Debug|Any CPU
		{5BF75FFD-04C4-2E96-B28C-12E15060E819}.Release|Any CPU.ActiveCfg = Release|Any CPU
		{5BF75FFD-04C4-2E96-B28C-12E15060E819}.Release|Any CPU.Build.0 = Release|Any CPU
	EndGlobalSection
	GlobalSection(SolutionProperties) = preSolution
		HideSolutionNode = FALSE
	EndGlobalSection
EndGlobal
